// !$*UTF8*$!
{
	archiveVersion = 1;
	classes = {
	};
	objectVersion = 46;
	objects = {

/* Begin PBXBuildFile section */
		DB1931E718035E8D000023CD /* Wizard_Walking_Down.atlas in Resources */ = {isa = PBXBuildFile; fileRef = DB1931E618035E8D000023CD /* Wizard_Walking_Down.atlas */; };
		DB1931EA180379F5000023CD /* DSGPhysicsDelegate.m in Sources */ = {isa = PBXBuildFile; fileRef = DB1931E9180379F5000023CD /* DSGPhysicsDelegate.m */; };
		DB1931ED18037DB2000023CD /* DSGGrub.m in Sources */ = {isa = PBXBuildFile; fileRef = DB1931EC18037DB2000023CD /* DSGGrub.m */; };
		DB1931F018038181000023CD /* Grub_Idle.atlas in Resources */ = {isa = PBXBuildFile; fileRef = DB1931EF18038181000023CD /* Grub_Idle.atlas */; };
		DB1931F21803818D000023CD /* Grub_Moving_Right.atlas in Resources */ = {isa = PBXBuildFile; fileRef = DB1931F11803818D000023CD /* Grub_Moving_Right.atlas */; };
		DB1931F51804416E000023CD /* DSGiPhoneMainViewController.m in Sources */ = {isa = PBXBuildFile; fileRef = DB1931F41804416E000023CD /* DSGiPhoneMainViewController.m */; };
		DB1931FB180454C0000023CD /* DSGGamePadViewController.m in Sources */ = {isa = PBXBuildFile; fileRef = DB1931FA180454C0000023CD /* DSGGamePadViewController.m */; };
		DB1931FE18045A2F000023CD /* DSGiPhoneExternalViewController.m in Sources */ = {isa = PBXBuildFile; fileRef = DB1931FD18045A2F000023CD /* DSGiPhoneExternalViewController.m */; };
		DB19320218049872000023CD /* DSGJoyPadView.m in Sources */ = {isa = PBXBuildFile; fileRef = DB19320118049872000023CD /* DSGJoyPadView.m */; };
		DB1932081805C4C5000023CD /* UIImage+Pixel.m in Sources */ = {isa = PBXBuildFile; fileRef = DB1932071805C4C5000023CD /* UIImage+Pixel.m */; };
		DB19320C1805F063000023CD /* DSGMapBuilder.m in Sources */ = {isa = PBXBuildFile; fileRef = DB19320B1805F063000023CD /* DSGMapBuilder.m */; };
		DB19320F1805F079000023CD /* DSGTile.m in Sources */ = {isa = PBXBuildFile; fileRef = DB19320E1805F079000023CD /* DSGTile.m */; };
		DB1932151805F26D000023CD /* DSGMazeGenerator.m in Sources */ = {isa = PBXBuildFile; fileRef = DB1932141805F26C000023CD /* DSGMazeGenerator.m */; };
		DB1932181805F48E000023CD /* DSGMaze.m in Sources */ = {isa = PBXBuildFile; fileRef = DB1932171805F48E000023CD /* DSGMaze.m */; };
		DB1932CC180A20AF000023CD /* DSGWall.m in Sources */ = {isa = PBXBuildFile; fileRef = DB1932CB180A20AF000023CD /* DSGWall.m */; };
		DB1932D0180A211D000023CD /* DSGSprite.m in Sources */ = {isa = PBXBuildFile; fileRef = DB1932CF180A211D000023CD /* DSGSprite.m */; };
		DB20813B17E8C58A00AAEF7F /* Foundation.framework in Frameworks */ = {isa = PBXBuildFile; fileRef = DB20813A17E8C58A00AAEF7F /* Foundation.framework */; };
		DB20813D17E8C58A00AAEF7F /* CoreGraphics.framework in Frameworks */ = {isa = PBXBuildFile; fileRef = DB20813C17E8C58A00AAEF7F /* CoreGraphics.framework */; };
		DB20813F17E8C58A00AAEF7F /* UIKit.framework in Frameworks */ = {isa = PBXBuildFile; fileRef = DB20813E17E8C58A00AAEF7F /* UIKit.framework */; };
		DB20814117E8C58A00AAEF7F /* SpriteKit.framework in Frameworks */ = {isa = PBXBuildFile; fileRef = DB20814017E8C58A00AAEF7F /* SpriteKit.framework */; };
		DB20814717E8C58A00AAEF7F /* InfoPlist.strings in Resources */ = {isa = PBXBuildFile; fileRef = DB20814517E8C58A00AAEF7F /* InfoPlist.strings */; };
		DB20814917E8C58A00AAEF7F /* main.m in Sources */ = {isa = PBXBuildFile; fileRef = DB20814817E8C58A00AAEF7F /* main.m */; };
		DB20814D17E8C58A00AAEF7F /* DSGAppDelegate.m in Sources */ = {isa = PBXBuildFile; fileRef = DB20814C17E8C58A00AAEF7F /* DSGAppDelegate.m */; };
		DB20815017E8C58A00AAEF7F /* Main.storyboard in Resources */ = {isa = PBXBuildFile; fileRef = DB20814E17E8C58A00AAEF7F /* Main.storyboard */; };
		DB20815317E8C58A00AAEF7F /* DSGViewController.m in Sources */ = {isa = PBXBuildFile; fileRef = DB20815217E8C58A00AAEF7F /* DSGViewController.m */; };
		DB20815617E8C58A00AAEF7F /* DSGLevel.m in Sources */ = {isa = PBXBuildFile; fileRef = DB20815517E8C58A00AAEF7F /* DSGLevel.m */; };
		DB20815817E8C58A00AAEF7F /* Spaceship.png in Resources */ = {isa = PBXBuildFile; fileRef = DB20815717E8C58A00AAEF7F /* Spaceship.png */; };
		DB20815A17E8C58A00AAEF7F /* Images.xcassets in Resources */ = {isa = PBXBuildFile; fileRef = DB20815917E8C58A00AAEF7F /* Images.xcassets */; };
		DB20816117E8C58A00AAEF7F /* XCTest.framework in Frameworks */ = {isa = PBXBuildFile; fileRef = DB20816017E8C58A00AAEF7F /* XCTest.framework */; };
		DB20816217E8C58A00AAEF7F /* Foundation.framework in Frameworks */ = {isa = PBXBuildFile; fileRef = DB20813A17E8C58A00AAEF7F /* Foundation.framework */; };
		DB20816317E8C58A00AAEF7F /* UIKit.framework in Frameworks */ = {isa = PBXBuildFile; fileRef = DB20813E17E8C58A00AAEF7F /* UIKit.framework */; };
		DB20816B17E8C58A00AAEF7F /* InfoPlist.strings in Resources */ = {isa = PBXBuildFile; fileRef = DB20816917E8C58A00AAEF7F /* InfoPlist.strings */; };
		DB20816D17E8C58A00AAEF7F /* DungeonStyleGameTests.m in Sources */ = {isa = PBXBuildFile; fileRef = DB20816C17E8C58A00AAEF7F /* DungeonStyleGameTests.m */; };
		DB20817817E8D09200AAEF7F /* DSGTestLevel.m in Sources */ = {isa = PBXBuildFile; fileRef = DB20817717E8D09200AAEF7F /* DSGTestLevel.m */; };
		DB20817D17E8D5BD00AAEF7F /* Map.atlas in Resources */ = {isa = PBXBuildFile; fileRef = DB20817C17E8D5BD00AAEF7F /* Map.atlas */; };
		DB20818117E904F900AAEF7F /* DSGCharacter.m in Sources */ = {isa = PBXBuildFile; fileRef = DB20818017E904F900AAEF7F /* DSGCharacter.m */; };
		DB20818417E908D500AAEF7F /* DSGHero.m in Sources */ = {isa = PBXBuildFile; fileRef = DB20818317E908D500AAEF7F /* DSGHero.m */; };
		DB20818717E90A3E00AAEF7F /* DSGWizard.m in Sources */ = {isa = PBXBuildFile; fileRef = DB20818617E90A3E00AAEF7F /* DSGWizard.m */; };
		DB20818917E90D5300AAEF7F /* Wizard_Idle.atlas in Resources */ = {isa = PBXBuildFile; fileRef = DB20818817E90D5300AAEF7F /* Wizard_Idle.atlas */; };
		DB20818C17E90DBE00AAEF7F /* Wizard_Walking_Right.atlas in Resources */ = {isa = PBXBuildFile; fileRef = DB20818B17E90DBE00AAEF7F /* Wizard_Walking_Right.atlas */; };
		DB20819417E9177700AAEF7F /* Wizard_Firing_Right.atlas in Resources */ = {isa = PBXBuildFile; fileRef = DB20819317E9177700AAEF7F /* Wizard_Firing_Right.atlas */; };
		DB20819517E92A4300AAEF7F /* Wizard_Firing_Right.atlas in Resources */ = {isa = PBXBuildFile; fileRef = DB20819317E9177700AAEF7F /* Wizard_Firing_Right.atlas */; };
		DB42CAF417F4EA4C00BE10EA /* MagicMissileEmitter.sks in Resources */ = {isa = PBXBuildFile; fileRef = DB42CAF217F4EA4C00BE10EA /* MagicMissileEmitter.sks */; };
		DB42CAF517F4EA4C00BE10EA /* spark.png in Resources */ = {isa = PBXBuildFile; fileRef = DB42CAF317F4EA4C00BE10EA /* spark.png */; };
		DB42CAF717F4ED8100BE10EA /* emitter_partical.png in Resources */ = {isa = PBXBuildFile; fileRef = DB42CAF617F4ED8100BE10EA /* emitter_partical.png */; };
		DB933BAC17FCD87D0056623B /* Wizard_Firing_Left.atlas in Resources */ = {isa = PBXBuildFile; fileRef = DB933BAB17FCD87D0056623B /* Wizard_Firing_Left.atlas */; };
		DB933BAE17FD85C50056623B /* iPhone.storyboard in Resources */ = {isa = PBXBuildFile; fileRef = DB933BAD17FD85C50056623B /* iPhone.storyboard */; };
		DBA429DA17F62683009CCC30 /* Wizard_Walking_Up.atlas in Resources */ = {isa = PBXBuildFile; fileRef = DBA429D917F62683009CCC30 /* Wizard_Walking_Up.atlas */; };
		DBA741FD17EB6F02009FFB64 /* Wizard_Walking_Left.atlas in Resources */ = {isa = PBXBuildFile; fileRef = DBA741FC17EB6F02009FFB64 /* Wizard_Walking_Left.atlas */; };
		DBBACEB717F32B1D004B84F7 /* Magic_Missile_Right.atlas in Resources */ = {isa = PBXBuildFile; fileRef = DBBACEB617F32B1D004B84F7 /* Magic_Missile_Right.atlas */; };
		DBF9848E17FE2FC000A75DF1 /* DSGEnemy.m in Sources */ = {isa = PBXBuildFile; fileRef = DBF9848D17FE2FC000A75DF1 /* DSGEnemy.m */; };
/* End PBXBuildFile section */

/* Begin PBXContainerItemProxy section */
		DB20816417E8C58A00AAEF7F /* PBXContainerItemProxy */ = {
			isa = PBXContainerItemProxy;
			containerPortal = DB20812F17E8C58A00AAEF7F /* Project object */;
			proxyType = 1;
			remoteGlobalIDString = DB20813617E8C58A00AAEF7F;
			remoteInfo = DungeonStyleGame;
		};
/* End PBXContainerItemProxy section */

/* Begin PBXFileReference section */
		DB1931E618035E8D000023CD /* Wizard_Walking_Down.atlas */ = {isa = PBXFileReference; lastKnownFileType = folder.skatlas; path = Wizard_Walking_Down.atlas; sourceTree = "<group>"; };
		DB1931E8180379F5000023CD /* DSGPhysicsDelegate.h */ = {isa = PBXFileReference; fileEncoding = 4; lastKnownFileType = sourcecode.c.h; path = DSGPhysicsDelegate.h; sourceTree = "<group>"; };
		DB1931E9180379F5000023CD /* DSGPhysicsDelegate.m */ = {isa = PBXFileReference; fileEncoding = 4; lastKnownFileType = sourcecode.c.objc; path = DSGPhysicsDelegate.m; sourceTree = "<group>"; };
		DB1931EB18037DB2000023CD /* DSGGrub.h */ = {isa = PBXFileReference; fileEncoding = 4; lastKnownFileType = sourcecode.c.h; path = DSGGrub.h; sourceTree = "<group>"; };
		DB1931EC18037DB2000023CD /* DSGGrub.m */ = {isa = PBXFileReference; fileEncoding = 4; lastKnownFileType = sourcecode.c.objc; path = DSGGrub.m; sourceTree = "<group>"; };
		DB1931EF18038181000023CD /* Grub_Idle.atlas */ = {isa = PBXFileReference; lastKnownFileType = folder.skatlas; path = Grub_Idle.atlas; sourceTree = "<group>"; };
		DB1931F11803818D000023CD /* Grub_Moving_Right.atlas */ = {isa = PBXFileReference; lastKnownFileType = folder.skatlas; path = Grub_Moving_Right.atlas; sourceTree = "<group>"; };
		DB1931F31804416E000023CD /* DSGiPhoneMainViewController.h */ = {isa = PBXFileReference; fileEncoding = 4; lastKnownFileType = sourcecode.c.h; path = DSGiPhoneMainViewController.h; sourceTree = "<group>"; };
		DB1931F41804416E000023CD /* DSGiPhoneMainViewController.m */ = {isa = PBXFileReference; fileEncoding = 4; lastKnownFileType = sourcecode.c.objc; path = DSGiPhoneMainViewController.m; sourceTree = "<group>"; };
		DB1931F9180454C0000023CD /* DSGGamePadViewController.h */ = {isa = PBXFileReference; fileEncoding = 4; lastKnownFileType = sourcecode.c.h; path = DSGGamePadViewController.h; sourceTree = "<group>"; };
		DB1931FA180454C0000023CD /* DSGGamePadViewController.m */ = {isa = PBXFileReference; fileEncoding = 4; lastKnownFileType = sourcecode.c.objc; path = DSGGamePadViewController.m; sourceTree = "<group>"; };
		DB1931FC18045A2F000023CD /* DSGiPhoneExternalViewController.h */ = {isa = PBXFileReference; fileEncoding = 4; lastKnownFileType = sourcecode.c.h; path = DSGiPhoneExternalViewController.h; sourceTree = "<group>"; };
		DB1931FD18045A2F000023CD /* DSGiPhoneExternalViewController.m */ = {isa = PBXFileReference; fileEncoding = 4; lastKnownFileType = sourcecode.c.objc; path = DSGiPhoneExternalViewController.m; sourceTree = "<group>"; };
		DB1931FF18045B0B000023CD /* DSGControllable.h */ = {isa = PBXFileReference; lastKnownFileType = sourcecode.c.h; path = DSGControllable.h; sourceTree = "<group>"; };
		DB19320018049872000023CD /* DSGJoyPadView.h */ = {isa = PBXFileReference; fileEncoding = 4; lastKnownFileType = sourcecode.c.h; path = DSGJoyPadView.h; sourceTree = "<group>"; };
		DB19320118049872000023CD /* DSGJoyPadView.m */ = {isa = PBXFileReference; fileEncoding = 4; lastKnownFileType = sourcecode.c.objc; path = DSGJoyPadView.m; sourceTree = "<group>"; };
		DB1932041804A72B000023CD /* DSGJoyPadDelegate.h */ = {isa = PBXFileReference; lastKnownFileType = sourcecode.c.h; path = DSGJoyPadDelegate.h; sourceTree = "<group>"; };
		DB1932061805C4C5000023CD /* UIImage+Pixel.h */ = {isa = PBXFileReference; fileEncoding = 4; lastKnownFileType = sourcecode.c.h; path = "UIImage+Pixel.h"; sourceTree = "<group>"; };
		DB1932071805C4C5000023CD /* UIImage+Pixel.m */ = {isa = PBXFileReference; fileEncoding = 4; lastKnownFileType = sourcecode.c.objc; path = "UIImage+Pixel.m"; sourceTree = "<group>"; };
		DB19320A1805F063000023CD /* DSGMapBuilder.h */ = {isa = PBXFileReference; fileEncoding = 4; lastKnownFileType = sourcecode.c.h; path = DSGMapBuilder.h; sourceTree = "<group>"; };
		DB19320B1805F063000023CD /* DSGMapBuilder.m */ = {isa = PBXFileReference; fileEncoding = 4; lastKnownFileType = sourcecode.c.objc; path = DSGMapBuilder.m; sourceTree = "<group>"; };
		DB19320D1805F079000023CD /* DSGTile.h */ = {isa = PBXFileReference; fileEncoding = 4; lastKnownFileType = sourcecode.c.h; path = DSGTile.h; sourceTree = "<group>"; };
		DB19320E1805F079000023CD /* DSGTile.m */ = {isa = PBXFileReference; fileEncoding = 4; lastKnownFileType = sourcecode.c.objc; path = DSGTile.m; sourceTree = "<group>"; };
		DB1932131805F26C000023CD /* DSGMazeGenerator.h */ = {isa = PBXFileReference; fileEncoding = 4; lastKnownFileType = sourcecode.c.h; path = DSGMazeGenerator.h; sourceTree = "<group>"; };
		DB1932141805F26C000023CD /* DSGMazeGenerator.m */ = {isa = PBXFileReference; fileEncoding = 4; lastKnownFileType = sourcecode.c.objc; path = DSGMazeGenerator.m; sourceTree = "<group>"; };
		DB1932161805F48E000023CD /* DSGMaze.h */ = {isa = PBXFileReference; fileEncoding = 4; lastKnownFileType = sourcecode.c.h; path = DSGMaze.h; sourceTree = "<group>"; };
		DB1932171805F48E000023CD /* DSGMaze.m */ = {isa = PBXFileReference; fileEncoding = 4; lastKnownFileType = sourcecode.c.objc; path = DSGMaze.m; sourceTree = "<group>"; };
		DB1932CA180A20AF000023CD /* DSGWall.h */ = {isa = PBXFileReference; fileEncoding = 4; lastKnownFileType = sourcecode.c.h; path = DSGWall.h; sourceTree = "<group>"; };
		DB1932CB180A20AF000023CD /* DSGWall.m */ = {isa = PBXFileReference; fileEncoding = 4; lastKnownFileType = sourcecode.c.objc; path = DSGWall.m; sourceTree = "<group>"; };
		DB1932CE180A211D000023CD /* DSGSprite.h */ = {isa = PBXFileReference; fileEncoding = 4; lastKnownFileType = sourcecode.c.h; path = DSGSprite.h; sourceTree = "<group>"; };
		DB1932CF180A211D000023CD /* DSGSprite.m */ = {isa = PBXFileReference; fileEncoding = 4; lastKnownFileType = sourcecode.c.objc; path = DSGSprite.m; sourceTree = "<group>"; };
		DB20813717E8C58A00AAEF7F /* DungeonStyleGame.app */ = {isa = PBXFileReference; explicitFileType = wrapper.application; includeInIndex = 0; path = DungeonStyleGame.app; sourceTree = BUILT_PRODUCTS_DIR; };
		DB20813A17E8C58A00AAEF7F /* Foundation.framework */ = {isa = PBXFileReference; lastKnownFileType = wrapper.framework; name = Foundation.framework; path = System/Library/Frameworks/Foundation.framework; sourceTree = SDKROOT; };
		DB20813C17E8C58A00AAEF7F /* CoreGraphics.framework */ = {isa = PBXFileReference; lastKnownFileType = wrapper.framework; name = CoreGraphics.framework; path = System/Library/Frameworks/CoreGraphics.framework; sourceTree = SDKROOT; };
		DB20813E17E8C58A00AAEF7F /* UIKit.framework */ = {isa = PBXFileReference; lastKnownFileType = wrapper.framework; name = UIKit.framework; path = System/Library/Frameworks/UIKit.framework; sourceTree = SDKROOT; };
		DB20814017E8C58A00AAEF7F /* SpriteKit.framework */ = {isa = PBXFileReference; lastKnownFileType = wrapper.framework; name = SpriteKit.framework; path = System/Library/Frameworks/SpriteKit.framework; sourceTree = SDKROOT; };
		DB20814417E8C58A00AAEF7F /* DungeonStyleGame-Info.plist */ = {isa = PBXFileReference; lastKnownFileType = text.plist.xml; path = "DungeonStyleGame-Info.plist"; sourceTree = "<group>"; };
		DB20814617E8C58A00AAEF7F /* en */ = {isa = PBXFileReference; lastKnownFileType = text.plist.strings; name = en; path = en.lproj/InfoPlist.strings; sourceTree = "<group>"; };
		DB20814817E8C58A00AAEF7F /* main.m */ = {isa = PBXFileReference; lastKnownFileType = sourcecode.c.objc; path = main.m; sourceTree = "<group>"; };
		DB20814A17E8C58A00AAEF7F /* DungeonStyleGame-Prefix.pch */ = {isa = PBXFileReference; lastKnownFileType = sourcecode.c.h; path = "DungeonStyleGame-Prefix.pch"; sourceTree = "<group>"; };
		DB20814B17E8C58A00AAEF7F /* DSGAppDelegate.h */ = {isa = PBXFileReference; lastKnownFileType = sourcecode.c.h; path = DSGAppDelegate.h; sourceTree = "<group>"; };
		DB20814C17E8C58A00AAEF7F /* DSGAppDelegate.m */ = {isa = PBXFileReference; lastKnownFileType = sourcecode.c.objc; path = DSGAppDelegate.m; sourceTree = "<group>"; };
		DB20814F17E8C58A00AAEF7F /* Base */ = {isa = PBXFileReference; lastKnownFileType = file.storyboard; name = Base; path = Base.lproj/Main.storyboard; sourceTree = "<group>"; };
		DB20815117E8C58A00AAEF7F /* DSGViewController.h */ = {isa = PBXFileReference; lastKnownFileType = sourcecode.c.h; path = DSGViewController.h; sourceTree = "<group>"; };
		DB20815217E8C58A00AAEF7F /* DSGViewController.m */ = {isa = PBXFileReference; lastKnownFileType = sourcecode.c.objc; path = DSGViewController.m; sourceTree = "<group>"; };
		DB20815417E8C58A00AAEF7F /* DSGLevel.h */ = {isa = PBXFileReference; lastKnownFileType = sourcecode.c.h; path = DSGLevel.h; sourceTree = "<group>"; };
		DB20815517E8C58A00AAEF7F /* DSGLevel.m */ = {isa = PBXFileReference; lastKnownFileType = sourcecode.c.objc; path = DSGLevel.m; sourceTree = "<group>"; };
		DB20815717E8C58A00AAEF7F /* Spaceship.png */ = {isa = PBXFileReference; lastKnownFileType = image.png; path = Spaceship.png; sourceTree = "<group>"; };
		DB20815917E8C58A00AAEF7F /* Images.xcassets */ = {isa = PBXFileReference; lastKnownFileType = folder.assetcatalog; path = Images.xcassets; sourceTree = "<group>"; };
		DB20815F17E8C58A00AAEF7F /* DungeonStyleGameTests.xctest */ = {isa = PBXFileReference; explicitFileType = wrapper.cfbundle; includeInIndex = 0; path = DungeonStyleGameTests.xctest; sourceTree = BUILT_PRODUCTS_DIR; };
		DB20816017E8C58A00AAEF7F /* XCTest.framework */ = {isa = PBXFileReference; lastKnownFileType = wrapper.framework; name = XCTest.framework; path = Library/Frameworks/XCTest.framework; sourceTree = DEVELOPER_DIR; };
		DB20816817E8C58A00AAEF7F /* DungeonStyleGameTests-Info.plist */ = {isa = PBXFileReference; lastKnownFileType = text.plist.xml; path = "DungeonStyleGameTests-Info.plist"; sourceTree = "<group>"; };
		DB20816A17E8C58A00AAEF7F /* en */ = {isa = PBXFileReference; lastKnownFileType = text.plist.strings; name = en; path = en.lproj/InfoPlist.strings; sourceTree = "<group>"; };
		DB20816C17E8C58A00AAEF7F /* DungeonStyleGameTests.m */ = {isa = PBXFileReference; lastKnownFileType = sourcecode.c.objc; path = DungeonStyleGameTests.m; sourceTree = "<group>"; };
		DB20817617E8D09200AAEF7F /* DSGTestLevel.h */ = {isa = PBXFileReference; fileEncoding = 4; lastKnownFileType = sourcecode.c.h; path = DSGTestLevel.h; sourceTree = "<group>"; };
		DB20817717E8D09200AAEF7F /* DSGTestLevel.m */ = {isa = PBXFileReference; fileEncoding = 4; lastKnownFileType = sourcecode.c.objc; path = DSGTestLevel.m; sourceTree = "<group>"; };
		DB20817C17E8D5BD00AAEF7F /* Map.atlas */ = {isa = PBXFileReference; lastKnownFileType = folder.skatlas; path = Map.atlas; sourceTree = "<group>"; };
		DB20817F17E904F900AAEF7F /* DSGCharacter.h */ = {isa = PBXFileReference; fileEncoding = 4; lastKnownFileType = sourcecode.c.h; path = DSGCharacter.h; sourceTree = "<group>"; };
		DB20818017E904F900AAEF7F /* DSGCharacter.m */ = {isa = PBXFileReference; fileEncoding = 4; lastKnownFileType = sourcecode.c.objc; path = DSGCharacter.m; sourceTree = "<group>"; };
		DB20818217E908D500AAEF7F /* DSGHero.h */ = {isa = PBXFileReference; fileEncoding = 4; lastKnownFileType = sourcecode.c.h; path = DSGHero.h; sourceTree = "<group>"; };
		DB20818317E908D500AAEF7F /* DSGHero.m */ = {isa = PBXFileReference; fileEncoding = 4; lastKnownFileType = sourcecode.c.objc; path = DSGHero.m; sourceTree = "<group>"; };
		DB20818517E90A3E00AAEF7F /* DSGWizard.h */ = {isa = PBXFileReference; fileEncoding = 4; lastKnownFileType = sourcecode.c.h; path = DSGWizard.h; sourceTree = "<group>"; };
		DB20818617E90A3E00AAEF7F /* DSGWizard.m */ = {isa = PBXFileReference; fileEncoding = 4; lastKnownFileType = sourcecode.c.objc; path = DSGWizard.m; sourceTree = "<group>"; };
		DB20818817E90D5300AAEF7F /* Wizard_Idle.atlas */ = {isa = PBXFileReference; lastKnownFileType = folder.skatlas; path = Wizard_Idle.atlas; sourceTree = "<group>"; };
		DB20818B17E90DBE00AAEF7F /* Wizard_Walking_Right.atlas */ = {isa = PBXFileReference; lastKnownFileType = folder.skatlas; path = Wizard_Walking_Right.atlas; sourceTree = "<group>"; };
		DB20819317E9177700AAEF7F /* Wizard_Firing_Right.atlas */ = {isa = PBXFileReference; lastKnownFileType = folder.skatlas; path = Wizard_Firing_Right.atlas; sourceTree = "<group>"; };
		DB42CAF217F4EA4C00BE10EA /* MagicMissileEmitter.sks */ = {isa = PBXFileReference; lastKnownFileType = file.sks; path = MagicMissileEmitter.sks; sourceTree = "<group>"; };
		DB42CAF317F4EA4C00BE10EA /* spark.png */ = {isa = PBXFileReference; lastKnownFileType = image.png; path = spark.png; sourceTree = "<group>"; };
		DB42CAF617F4ED8100BE10EA /* emitter_partical.png */ = {isa = PBXFileReference; lastKnownFileType = image.png; path = emitter_partical.png; sourceTree = "<group>"; };
		DB933BAB17FCD87D0056623B /* Wizard_Firing_Left.atlas */ = {isa = PBXFileReference; lastKnownFileType = folder.skatlas; path = Wizard_Firing_Left.atlas; sourceTree = "<group>"; };
		DB933BAD17FD85C50056623B /* iPhone.storyboard */ = {isa = PBXFileReference; fileEncoding = 4; lastKnownFileType = file.storyboard; path = iPhone.storyboard; sourceTree = "<group>"; };
		DBA429D917F62683009CCC30 /* Wizard_Walking_Up.atlas */ = {isa = PBXFileReference; lastKnownFileType = folder.skatlas; path = Wizard_Walking_Up.atlas; sourceTree = "<group>"; };
		DBA741FC17EB6F02009FFB64 /* Wizard_Walking_Left.atlas */ = {isa = PBXFileReference; lastKnownFileType = folder.skatlas; path = Wizard_Walking_Left.atlas; sourceTree = "<group>"; };
		DBBACEB617F32B1D004B84F7 /* Magic_Missile_Right.atlas */ = {isa = PBXFileReference; lastKnownFileType = folder.skatlas; path = Magic_Missile_Right.atlas; sourceTree = "<group>"; };
		DBF9848C17FE2FC000A75DF1 /* DSGEnemy.h */ = {isa = PBXFileReference; fileEncoding = 4; lastKnownFileType = sourcecode.c.h; path = DSGEnemy.h; sourceTree = "<group>"; };
		DBF9848D17FE2FC000A75DF1 /* DSGEnemy.m */ = {isa = PBXFileReference; fileEncoding = 4; lastKnownFileType = sourcecode.c.objc; path = DSGEnemy.m; sourceTree = "<group>"; };
/* End PBXFileReference section */

/* Begin PBXFrameworksBuildPhase section */
		DB20813417E8C58A00AAEF7F /* Frameworks */ = {
			isa = PBXFrameworksBuildPhase;
			buildActionMask = 2147483647;
			files = (
				DB20813D17E8C58A00AAEF7F /* CoreGraphics.framework in Frameworks */,
				DB20813F17E8C58A00AAEF7F /* UIKit.framework in Frameworks */,
				DB20814117E8C58A00AAEF7F /* SpriteKit.framework in Frameworks */,
				DB20813B17E8C58A00AAEF7F /* Foundation.framework in Frameworks */,
			);
			runOnlyForDeploymentPostprocessing = 0;
		};
		DB20815C17E8C58A00AAEF7F /* Frameworks */ = {
			isa = PBXFrameworksBuildPhase;
			buildActionMask = 2147483647;
			files = (
				DB20816117E8C58A00AAEF7F /* XCTest.framework in Frameworks */,
				DB20816317E8C58A00AAEF7F /* UIKit.framework in Frameworks */,
				DB20816217E8C58A00AAEF7F /* Foundation.framework in Frameworks */,
			);
			runOnlyForDeploymentPostprocessing = 0;
		};
/* End PBXFrameworksBuildPhase section */

/* Begin PBXGroup section */
		DB1931EE180380C4000023CD /* Grub */ = {
			isa = PBXGroup;
			children = (
				DB1931F11803818D000023CD /* Grub_Moving_Right.atlas */,
				DB1931EF18038181000023CD /* Grub_Idle.atlas */,
			);
			name = Grub;
			sourceTree = "<group>";
		};
		DB1932051805C47B000023CD /* Utilities */ = {
			isa = PBXGroup;
			children = (
				DB1932061805C4C5000023CD /* UIImage+Pixel.h */,
				DB1932071805C4C5000023CD /* UIImage+Pixel.m */,
			);
			name = Utilities;
			sourceTree = "<group>";
		};
		DB1932091805F042000023CD /* Generator */ = {
			isa = PBXGroup;
			children = (
				DB19320A1805F063000023CD /* DSGMapBuilder.h */,
				DB19320B1805F063000023CD /* DSGMapBuilder.m */,
				DB19320D1805F079000023CD /* DSGTile.h */,
				DB19320E1805F079000023CD /* DSGTile.m */,
				DB1932131805F26C000023CD /* DSGMazeGenerator.h */,
				DB1932141805F26C000023CD /* DSGMazeGenerator.m */,
				DB1932161805F48E000023CD /* DSGMaze.h */,
				DB1932171805F48E000023CD /* DSGMaze.m */,
			);
			name = Generator;
			sourceTree = "<group>";
		};
		DB1932CD180A20FD000023CD /* Sprites */ = {
			isa = PBXGroup;
			children = (
				DB20817E17E904B500AAEF7F /* Characters */,
				DB1932CA180A20AF000023CD /* DSGWall.h */,
				DB1932CB180A20AF000023CD /* DSGWall.m */,
				DB1932CE180A211D000023CD /* DSGSprite.h */,
				DB1932CF180A211D000023CD /* DSGSprite.m */,
			);
			name = Sprites;
			sourceTree = "<group>";
		};
		DB20812E17E8C58A00AAEF7F = {
			isa = PBXGroup;
			children = (
				DB20817A17E8D25300AAEF7F /* Assets */,
				DB20814217E8C58A00AAEF7F /* DungeonStyleGame */,
				DB20816617E8C58A00AAEF7F /* DungeonStyleGameTests */,
				DB20813917E8C58A00AAEF7F /* Frameworks */,
				DB20813817E8C58A00AAEF7F /* Products */,
			);
			sourceTree = "<group>";
		};
		DB20813817E8C58A00AAEF7F /* Products */ = {
			isa = PBXGroup;
			children = (
				DB20813717E8C58A00AAEF7F /* DungeonStyleGame.app */,
				DB20815F17E8C58A00AAEF7F /* DungeonStyleGameTests.xctest */,
			);
			name = Products;
			sourceTree = "<group>";
		};
		DB20813917E8C58A00AAEF7F /* Frameworks */ = {
			isa = PBXGroup;
			children = (
				DB20813A17E8C58A00AAEF7F /* Foundation.framework */,
				DB20813C17E8C58A00AAEF7F /* CoreGraphics.framework */,
				DB20813E17E8C58A00AAEF7F /* UIKit.framework */,
				DB20814017E8C58A00AAEF7F /* SpriteKit.framework */,
				DB20816017E8C58A00AAEF7F /* XCTest.framework */,
			);
			name = Frameworks;
			sourceTree = "<group>";
		};
		DB20814217E8C58A00AAEF7F /* DungeonStyleGame */ = {
			isa = PBXGroup;
			children = (
				DB1932CD180A20FD000023CD /* Sprites */,
				DB1932051805C47B000023CD /* Utilities */,
				DB933BB017FD88DC0056623B /* IPhone */,
				DB933BAF17FD88CF0056623B /* IPad */,
				DB1931E8180379F5000023CD /* DSGPhysicsDelegate.h */,
				DB1931E9180379F5000023CD /* DSGPhysicsDelegate.m */,
				DB20814B17E8C58A00AAEF7F /* DSGAppDelegate.h */,
				DB20814C17E8C58A00AAEF7F /* DSGAppDelegate.m */,
				DB20814E17E8C58A00AAEF7F /* Main.storyboard */,
				DB933BAD17FD85C50056623B /* iPhone.storyboard */,
				DB20817917E8D23B00AAEF7F /* Levels */,
				DB20815717E8C58A00AAEF7F /* Spaceship.png */,
				DB20815917E8C58A00AAEF7F /* Images.xcassets */,
				DB20814317E8C58A00AAEF7F /* Supporting Files */,
			);
			path = DungeonStyleGame;
			sourceTree = "<group>";
		};
		DB20814317E8C58A00AAEF7F /* Supporting Files */ = {
			isa = PBXGroup;
			children = (
				DB20814417E8C58A00AAEF7F /* DungeonStyleGame-Info.plist */,
				DB20814517E8C58A00AAEF7F /* InfoPlist.strings */,
				DB20814817E8C58A00AAEF7F /* main.m */,
				DB20814A17E8C58A00AAEF7F /* DungeonStyleGame-Prefix.pch */,
				DB1931FF18045B0B000023CD /* DSGControllable.h */,
				DB1932041804A72B000023CD /* DSGJoyPadDelegate.h */,
			);
			name = "Supporting Files";
			sourceTree = "<group>";
		};
		DB20816617E8C58A00AAEF7F /* DungeonStyleGameTests */ = {
			isa = PBXGroup;
			children = (
				DB20816C17E8C58A00AAEF7F /* DungeonStyleGameTests.m */,
				DB20816717E8C58A00AAEF7F /* Supporting Files */,
			);
			path = DungeonStyleGameTests;
			sourceTree = "<group>";
		};
		DB20816717E8C58A00AAEF7F /* Supporting Files */ = {
			isa = PBXGroup;
			children = (
				DB20816817E8C58A00AAEF7F /* DungeonStyleGameTests-Info.plist */,
				DB20816917E8C58A00AAEF7F /* InfoPlist.strings */,
			);
			name = "Supporting Files";
			sourceTree = "<group>";
		};
		DB20817917E8D23B00AAEF7F /* Levels */ = {
			isa = PBXGroup;
			children = (
				DB1932091805F042000023CD /* Generator */,
				DB20815417E8C58A00AAEF7F /* DSGLevel.h */,
				DB20815517E8C58A00AAEF7F /* DSGLevel.m */,
				DB20817617E8D09200AAEF7F /* DSGTestLevel.h */,
				DB20817717E8D09200AAEF7F /* DSGTestLevel.m */,
			);
			name = Levels;
			sourceTree = "<group>";
		};
		DB20817A17E8D25300AAEF7F /* Assets */ = {
			isa = PBXGroup;
			children = (
				DB1931EE180380C4000023CD /* Grub */,
				DB42CAF117F4E9F300BE10EA /* Emitters */,
				DB20818A17E90D5700AAEF7F /* Wizard */,
				DB20817B17E8D52200AAEF7F /* Map */,
			);
			name = Assets;
			sourceTree = "<group>";
		};
		DB20817B17E8D52200AAEF7F /* Map */ = {
			isa = PBXGroup;
			children = (
				DB20817C17E8D5BD00AAEF7F /* Map.atlas */,
			);
			name = Map;
			sourceTree = "<group>";
		};
		DB20817E17E904B500AAEF7F /* Characters */ = {
			isa = PBXGroup;
			children = (
				DB20817F17E904F900AAEF7F /* DSGCharacter.h */,
				DB20818017E904F900AAEF7F /* DSGCharacter.m */,
				DB20818217E908D500AAEF7F /* DSGHero.h */,
				DB20818317E908D500AAEF7F /* DSGHero.m */,
				DB20818517E90A3E00AAEF7F /* DSGWizard.h */,
				DB20818617E90A3E00AAEF7F /* DSGWizard.m */,
				DBF9848C17FE2FC000A75DF1 /* DSGEnemy.h */,
				DBF9848D17FE2FC000A75DF1 /* DSGEnemy.m */,
				DB1931EB18037DB2000023CD /* DSGGrub.h */,
				DB1931EC18037DB2000023CD /* DSGGrub.m */,
			);
			name = Characters;
			sourceTree = "<group>";
		};
		DB20818A17E90D5700AAEF7F /* Wizard */ = {
			isa = PBXGroup;
			children = (
				DB1931E618035E8D000023CD /* Wizard_Walking_Down.atlas */,
				DB933BAB17FCD87D0056623B /* Wizard_Firing_Left.atlas */,
				DBA429D917F62683009CCC30 /* Wizard_Walking_Up.atlas */,
				DBBACEB617F32B1D004B84F7 /* Magic_Missile_Right.atlas */,
				DBA741FC17EB6F02009FFB64 /* Wizard_Walking_Left.atlas */,
				DB20819317E9177700AAEF7F /* Wizard_Firing_Right.atlas */,
				DB20818B17E90DBE00AAEF7F /* Wizard_Walking_Right.atlas */,
				DB20818817E90D5300AAEF7F /* Wizard_Idle.atlas */,
			);
			name = Wizard;
			sourceTree = "<group>";
		};
		DB42CAF117F4E9F300BE10EA /* Emitters */ = {
			isa = PBXGroup;
			children = (
				DB42CAF617F4ED8100BE10EA /* emitter_partical.png */,
				DB42CAF217F4EA4C00BE10EA /* MagicMissileEmitter.sks */,
				DB42CAF317F4EA4C00BE10EA /* spark.png */,
			);
			name = Emitters;
			sourceTree = "<group>";
		};
		DB933BAF17FD88CF0056623B /* IPad */ = {
			isa = PBXGroup;
			children = (
				DB20815117E8C58A00AAEF7F /* DSGViewController.h */,
				DB20815217E8C58A00AAEF7F /* DSGViewController.m */,
			);
			name = IPad;
			sourceTree = "<group>";
		};
		DB933BB017FD88DC0056623B /* IPhone */ = {
			isa = PBXGroup;
			children = (
				DB1931F31804416E000023CD /* DSGiPhoneMainViewController.h */,
				DB1931F41804416E000023CD /* DSGiPhoneMainViewController.m */,
				DB1931F9180454C0000023CD /* DSGGamePadViewController.h */,
				DB1931FA180454C0000023CD /* DSGGamePadViewController.m */,
				DB1931FC18045A2F000023CD /* DSGiPhoneExternalViewController.h */,
				DB1931FD18045A2F000023CD /* DSGiPhoneExternalViewController.m */,
				DB19320018049872000023CD /* DSGJoyPadView.h */,
				DB19320118049872000023CD /* DSGJoyPadView.m */,
			);
			name = IPhone;
			sourceTree = "<group>";
		};
/* End PBXGroup section */

/* Begin PBXNativeTarget section */
		DB20813617E8C58A00AAEF7F /* DungeonStyleGame */ = {
			isa = PBXNativeTarget;
			buildConfigurationList = DB20817017E8C58A00AAEF7F /* Build configuration list for PBXNativeTarget "DungeonStyleGame" */;
			buildPhases = (
				DB20813317E8C58A00AAEF7F /* Sources */,
				DB20813417E8C58A00AAEF7F /* Frameworks */,
				DB20813517E8C58A00AAEF7F /* Resources */,
			);
			buildRules = (
			);
			dependencies = (
			);
			name = DungeonStyleGame;
			productName = DungeonStyleGame;
			productReference = DB20813717E8C58A00AAEF7F /* DungeonStyleGame.app */;
			productType = "com.apple.product-type.application";
		};
		DB20815E17E8C58A00AAEF7F /* DungeonStyleGameTests */ = {
			isa = PBXNativeTarget;
			buildConfigurationList = DB20817317E8C58A00AAEF7F /* Build configuration list for PBXNativeTarget "DungeonStyleGameTests" */;
			buildPhases = (
				DB20815B17E8C58A00AAEF7F /* Sources */,
				DB20815C17E8C58A00AAEF7F /* Frameworks */,
				DB20815D17E8C58A00AAEF7F /* Resources */,
			);
			buildRules = (
			);
			dependencies = (
				DB20816517E8C58A00AAEF7F /* PBXTargetDependency */,
			);
			name = DungeonStyleGameTests;
			productName = DungeonStyleGameTests;
			productReference = DB20815F17E8C58A00AAEF7F /* DungeonStyleGameTests.xctest */;
			productType = "com.apple.product-type.bundle.unit-test";
		};
/* End PBXNativeTarget section */

/* Begin PBXProject section */
		DB20812F17E8C58A00AAEF7F /* Project object */ = {
			isa = PBXProject;
			attributes = {
				CLASSPREFIX = DSG;
				LastUpgradeCheck = 0500;
				ORGANIZATIONNAME = "Thomas Wilson";
				TargetAttributes = {
					DB20813617E8C58A00AAEF7F = {
						DevelopmentTeam = BQ2U65ZE29;
					};
					DB20815E17E8C58A00AAEF7F = {
						TestTargetID = DB20813617E8C58A00AAEF7F;
					};
				};
			};
			buildConfigurationList = DB20813217E8C58A00AAEF7F /* Build configuration list for PBXProject "DungeonStyleGame" */;
			compatibilityVersion = "Xcode 3.2";
			developmentRegion = English;
			hasScannedForEncodings = 0;
			knownRegions = (
				en,
				Base,
			);
			mainGroup = DB20812E17E8C58A00AAEF7F;
			productRefGroup = DB20813817E8C58A00AAEF7F /* Products */;
			projectDirPath = "";
			projectRoot = "";
			targets = (
				DB20813617E8C58A00AAEF7F /* DungeonStyleGame */,
				DB20815E17E8C58A00AAEF7F /* DungeonStyleGameTests */,
			);
		};
/* End PBXProject section */

/* Begin PBXResourcesBuildPhase section */
		DB20813517E8C58A00AAEF7F /* Resources */ = {
			isa = PBXResourcesBuildPhase;
			buildActionMask = 2147483647;
			files = (
				DB20819417E9177700AAEF7F /* Wizard_Firing_Right.atlas in Resources */,
				DBA429DA17F62683009CCC30 /* Wizard_Walking_Up.atlas in Resources */,
				DB933BAC17FCD87D0056623B /* Wizard_Firing_Left.atlas in Resources */,
				DB42CAF517F4EA4C00BE10EA /* spark.png in Resources */,
				DB42CAF717F4ED8100BE10EA /* emitter_partical.png in Resources */,
				DB20814717E8C58A00AAEF7F /* InfoPlist.strings in Resources */,
				DB20815A17E8C58A00AAEF7F /* Images.xcassets in Resources */,
				DBBACEB717F32B1D004B84F7 /* Magic_Missile_Right.atlas in Resources */,
				DB42CAF417F4EA4C00BE10EA /* MagicMissileEmitter.sks in Resources */,
				DB1931E718035E8D000023CD /* Wizard_Walking_Down.atlas in Resources */,
				DBA741FD17EB6F02009FFB64 /* Wizard_Walking_Left.atlas in Resources */,
				DB1931F018038181000023CD /* Grub_Idle.atlas in Resources */,
				DB20817D17E8D5BD00AAEF7F /* Map.atlas in Resources */,
				DB933BAE17FD85C50056623B /* iPhone.storyboard in Resources */,
				DB20818C17E90DBE00AAEF7F /* Wizard_Walking_Right.atlas in Resources */,
				DB20815817E8C58A00AAEF7F /* Spaceship.png in Resources */,
				DB1931F21803818D000023CD /* Grub_Moving_Right.atlas in Resources */,
				DB20818917E90D5300AAEF7F /* Wizard_Idle.atlas in Resources */,
				DB20815017E8C58A00AAEF7F /* Main.storyboard in Resources */,
			);
			runOnlyForDeploymentPostprocessing = 0;
		};
		DB20815D17E8C58A00AAEF7F /* Resources */ = {
			isa = PBXResourcesBuildPhase;
			buildActionMask = 2147483647;
			files = (
				DB20819517E92A4300AAEF7F /* Wizard_Firing_Right.atlas in Resources */,
				DB20816B17E8C58A00AAEF7F /* InfoPlist.strings in Resources */,
			);
			runOnlyForDeploymentPostprocessing = 0;
		};
/* End PBXResourcesBuildPhase section */

/* Begin PBXSourcesBuildPhase section */
		DB20813317E8C58A00AAEF7F /* Sources */ = {
			isa = PBXSourcesBuildPhase;
			buildActionMask = 2147483647;
			files = (
				DB20815317E8C58A00AAEF7F /* DSGViewController.m in Sources */,
				DB1931FE18045A2F000023CD /* DSGiPhoneExternalViewController.m in Sources */,
				DB1931F51804416E000023CD /* DSGiPhoneMainViewController.m in Sources */,
				DB20815617E8C58A00AAEF7F /* DSGLevel.m in Sources */,
				DB20818117E904F900AAEF7F /* DSGCharacter.m in Sources */,
				DB1931EA180379F5000023CD /* DSGPhysicsDelegate.m in Sources */,
				DB20814917E8C58A00AAEF7F /* main.m in Sources */,
				DB1932181805F48E000023CD /* DSGMaze.m in Sources */,
				DB20818417E908D500AAEF7F /* DSGHero.m in Sources */,
				DB1932081805C4C5000023CD /* UIImage+Pixel.m in Sources */,
				DBF9848E17FE2FC000A75DF1 /* DSGEnemy.m in Sources */,
				DB20818717E90A3E00AAEF7F /* DSGWizard.m in Sources */,
				DB1932CC180A20AF000023CD /* DSGWall.m in Sources */,
				DB1932D0180A211D000023CD /* DSGSprite.m in Sources */,
				DB19320C1805F063000023CD /* DSGMapBuilder.m in Sources */,
				DB19320F1805F079000023CD /* DSGTile.m in Sources */,
				DB20814D17E8C58A00AAEF7F /* DSGAppDelegate.m in Sources */,
				DB1931ED18037DB2000023CD /* DSGGrub.m in Sources */,
				DB1932151805F26D000023CD /* DSGMazeGenerator.m in Sources */,
				DB20817817E8D09200AAEF7F /* DSGTestLevel.m in Sources */,
				DB1931FB180454C0000023CD /* DSGGamePadViewController.m in Sources */,
				DB19320218049872000023CD /* DSGJoyPadView.m in Sources */,
			);
			runOnlyForDeploymentPostprocessing = 0;
		};
		DB20815B17E8C58A00AAEF7F /* Sources */ = {
			isa = PBXSourcesBuildPhase;
			buildActionMask = 2147483647;
			files = (
				DB20816D17E8C58A00AAEF7F /* DungeonStyleGameTests.m in Sources */,
			);
			runOnlyForDeploymentPostprocessing = 0;
		};
/* End PBXSourcesBuildPhase section */

/* Begin PBXTargetDependency section */
		DB20816517E8C58A00AAEF7F /* PBXTargetDependency */ = {
			isa = PBXTargetDependency;
			target = DB20813617E8C58A00AAEF7F /* DungeonStyleGame */;
			targetProxy = DB20816417E8C58A00AAEF7F /* PBXContainerItemProxy */;
		};
/* End PBXTargetDependency section */

/* Begin PBXVariantGroup section */
		DB20814517E8C58A00AAEF7F /* InfoPlist.strings */ = {
			isa = PBXVariantGroup;
			children = (
				DB20814617E8C58A00AAEF7F /* en */,
			);
			name = InfoPlist.strings;
			sourceTree = "<group>";
		};
		DB20814E17E8C58A00AAEF7F /* Main.storyboard */ = {
			isa = PBXVariantGroup;
			children = (
				DB20814F17E8C58A00AAEF7F /* Base */,
			);
			name = Main.storyboard;
			sourceTree = "<group>";
		};
		DB20816917E8C58A00AAEF7F /* InfoPlist.strings */ = {
			isa = PBXVariantGroup;
			children = (
				DB20816A17E8C58A00AAEF7F /* en */,
			);
			name = InfoPlist.strings;
			sourceTree = "<group>";
		};
/* End PBXVariantGroup section */

/* Begin XCBuildConfiguration section */
		DB20816E17E8C58A00AAEF7F /* Debug */ = {
			isa = XCBuildConfiguration;
			buildSettings = {
				ALWAYS_SEARCH_USER_PATHS = NO;
				ARCHS = "$(ARCHS_STANDARD_INCLUDING_64_BIT)";
				CLANG_CXX_LANGUAGE_STANDARD = "gnu++0x";
				CLANG_CXX_LIBRARY = "libc++";
				CLANG_ENABLE_MODULES = YES;
				CLANG_ENABLE_OBJC_ARC = YES;
				CLANG_WARN_BOOL_CONVERSION = YES;
				CLANG_WARN_CONSTANT_CONVERSION = YES;
				CLANG_WARN_DIRECT_OBJC_ISA_USAGE = YES_ERROR;
				CLANG_WARN_EMPTY_BODY = YES;
				CLANG_WARN_ENUM_CONVERSION = YES;
				CLANG_WARN_INT_CONVERSION = YES;
				CLANG_WARN_OBJC_ROOT_CLASS = YES_ERROR;
				CLANG_WARN__DUPLICATE_METHOD_MATCH = YES;
				"CODE_SIGN_IDENTITY[sdk=iphoneos*]" = "iPhone Developer";
				COPY_PHASE_STRIP = NO;
				GCC_C_LANGUAGE_STANDARD = gnu99;
				GCC_DYNAMIC_NO_PIC = NO;
				GCC_OPTIMIZATION_LEVEL = 0;
				GCC_PREPROCESSOR_DEFINITIONS = (
					"DEBUG=1",
					"$(inherited)",
				);
				GCC_SYMBOLS_PRIVATE_EXTERN = NO;
				GCC_WARN_64_TO_32_BIT_CONVERSION = YES;
				GCC_WARN_ABOUT_RETURN_TYPE = YES_ERROR;
				GCC_WARN_UNDECLARED_SELECTOR = YES;
				GCC_WARN_UNINITIALIZED_AUTOS = YES;
				GCC_WARN_UNUSED_FUNCTION = YES;
				GCC_WARN_UNUSED_VARIABLE = YES;
				IPHONEOS_DEPLOYMENT_TARGET = 7.0;
				ONLY_ACTIVE_ARCH = YES;
				SDKROOT = iphoneos;
				TARGETED_DEVICE_FAMILY = 2;
			};
			name = Debug;
		};
		DB20816F17E8C58A00AAEF7F /* Release */ = {
			isa = XCBuildConfiguration;
			buildSettings = {
				ALWAYS_SEARCH_USER_PATHS = NO;
				ARCHS = "$(ARCHS_STANDARD_INCLUDING_64_BIT)";
				CLANG_CXX_LANGUAGE_STANDARD = "gnu++0x";
				CLANG_CXX_LIBRARY = "libc++";
				CLANG_ENABLE_MODULES = YES;
				CLANG_ENABLE_OBJC_ARC = YES;
				CLANG_WARN_BOOL_CONVERSION = YES;
				CLANG_WARN_CONSTANT_CONVERSION = YES;
				CLANG_WARN_DIRECT_OBJC_ISA_USAGE = YES_ERROR;
				CLANG_WARN_EMPTY_BODY = YES;
				CLANG_WARN_ENUM_CONVERSION = YES;
				CLANG_WARN_INT_CONVERSION = YES;
				CLANG_WARN_OBJC_ROOT_CLASS = YES_ERROR;
				CLANG_WARN__DUPLICATE_METHOD_MATCH = YES;
				"CODE_SIGN_IDENTITY[sdk=iphoneos*]" = "iPhone Developer";
				COPY_PHASE_STRIP = YES;
				ENABLE_NS_ASSERTIONS = NO;
				GCC_C_LANGUAGE_STANDARD = gnu99;
				GCC_WARN_64_TO_32_BIT_CONVERSION = YES;
				GCC_WARN_ABOUT_RETURN_TYPE = YES_ERROR;
				GCC_WARN_UNDECLARED_SELECTOR = YES;
				GCC_WARN_UNINITIALIZED_AUTOS = YES;
				GCC_WARN_UNUSED_FUNCTION = YES;
				GCC_WARN_UNUSED_VARIABLE = YES;
				IPHONEOS_DEPLOYMENT_TARGET = 7.0;
				SDKROOT = iphoneos;
				TARGETED_DEVICE_FAMILY = 2;
				VALIDATE_PRODUCT = YES;
			};
			name = Release;
		};
		DB20817117E8C58A00AAEF7F /* Debug */ = {
			isa = XCBuildConfiguration;
			buildSettings = {
				ASSETCATALOG_COMPILER_APPICON_NAME = AppIcon;
				ASSETCATALOG_COMPILER_LAUNCHIMAGE_NAME = LaunchImage;
				CODE_SIGN_IDENTITY = "iPhone Developer";
				GCC_PRECOMPILE_PREFIX_HEADER = YES;
				GCC_PREFIX_HEADER = "DungeonStyleGame/DungeonStyleGame-Prefix.pch";
				INFOPLIST_FILE = "DungeonStyleGame/DungeonStyleGame-Info.plist";
				PRODUCT_NAME = "$(TARGET_NAME)";
				SPRITEKIT_TEXTURE_ATLAS_OUTPUT = YES;
				TARGETED_DEVICE_FAMILY = "1,2";
				WRAPPER_EXTENSION = app;
			};
			name = Debug;
		};
		DB20817217E8C58A00AAEF7F /* Release */ = {
			isa = XCBuildConfiguration;
			buildSettings = {
				ASSETCATALOG_COMPILER_APPICON_NAME = AppIcon;
				ASSETCATALOG_COMPILER_LAUNCHIMAGE_NAME = LaunchImage;
				CODE_SIGN_IDENTITY = "iPhone Developer";
				GCC_PRECOMPILE_PREFIX_HEADER = YES;
				GCC_PREFIX_HEADER = "DungeonStyleGame/DungeonStyleGame-Prefix.pch";
				INFOPLIST_FILE = "DungeonStyleGame/DungeonStyleGame-Info.plist";
				PRODUCT_NAME = "$(TARGET_NAME)";
				SPRITEKIT_TEXTURE_ATLAS_OUTPUT = YES;
				TARGETED_DEVICE_FAMILY = "1,2";
				WRAPPER_EXTENSION = app;
			};
			name = Release;
		};
		DB20817417E8C58A00AAEF7F /* Debug */ = {
			isa = XCBuildConfiguration;
			buildSettings = {
				ARCHS = "$(ARCHS_STANDARD_INCLUDING_64_BIT)";
				BUNDLE_LOADER = "$(BUILT_PRODUCTS_DIR)/DungeonStyleGame.app/DungeonStyleGame";
				FRAMEWORK_SEARCH_PATHS = (
					"$(SDKROOT)/Developer/Library/Frameworks",
					"$(inherited)",
					"$(DEVELOPER_FRAMEWORKS_DIR)",
				);
				GCC_PRECOMPILE_PREFIX_HEADER = YES;
				GCC_PREFIX_HEADER = "DungeonStyleGame/DungeonStyleGame-Prefix.pch";
				GCC_PREPROCESSOR_DEFINITIONS = (
					"DEBUG=1",
					"$(inherited)",
				);
				INFOPLIST_FILE = "DungeonStyleGameTests/DungeonStyleGameTests-Info.plist";
				PRODUCT_NAME = "$(TARGET_NAME)";
				TEST_HOST = "$(BUNDLE_LOADER)";
				WRAPPER_EXTENSION = xctest;
			};
			name = Debug;
		};
		DB20817517E8C58A00AAEF7F /* Release */ = {
			isa = XCBuildConfiguration;
			buildSettings = {
				ARCHS = "$(ARCHS_STANDARD_INCLUDING_64_BIT)";
				BUNDLE_LOADER = "$(BUILT_PRODUCTS_DIR)/DungeonStyleGame.app/DungeonStyleGame";
				FRAMEWORK_SEARCH_PATHS = (
					"$(SDKROOT)/Developer/Library/Frameworks",
					"$(inherited)",
					"$(DEVELOPER_FRAMEWORKS_DIR)",
				);
				GCC_PRECOMPILE_PREFIX_HEADER = YES;
				GCC_PREFIX_HEADER = "DungeonStyleGame/DungeonStyleGame-Prefix.pch";
				INFOPLIST_FILE = "DungeonStyleGameTests/DungeonStyleGameTests-Info.plist";
				PRODUCT_NAME = "$(TARGET_NAME)";
				TEST_HOST = "$(BUNDLE_LOADER)";
				WRAPPER_EXTENSION = xctest;
			};
			name = Release;
		};
/* End XCBuildConfiguration section */

/* Begin XCConfigurationList section */
		DB20813217E8C58A00AAEF7F /* Build configuration list for PBXProject "DungeonStyleGame" */ = {
			isa = XCConfigurationList;
			buildConfigurations = (
				DB20816E17E8C58A00AAEF7F /* Debug */,
				DB20816F17E8C58A00AAEF7F /* Release */,
			);
			defaultConfigurationIsVisible = 0;
			defaultConfigurationName = Release;
		};
		DB20817017E8C58A00AAEF7F /* Build configuration list for PBXNativeTarget "DungeonStyleGame" */ = {
			isa = XCConfigurationList;
			buildConfigurations = (
				DB20817117E8C58A00AAEF7F /* Debug */,
				DB20817217E8C58A00AAEF7F /* Release */,
			);
			defaultConfigurationIsVisible = 0;
			defaultConfigurationName = Release;
		};
		DB20817317E8C58A00AAEF7F /* Build configuration list for PBXNativeTarget "DungeonStyleGameTests" */ = {
			isa = XCConfigurationList;
			buildConfigurations = (
				DB20817417E8C58A00AAEF7F /* Debug */,
				DB20817517E8C58A00AAEF7F /* Release */,
			);
			defaultConfigurationIsVisible = 0;
			defaultConfigurationName = Release;
		};
/* End XCConfigurationList section */
	};
	rootObject = DB20812F17E8C58A00AAEF7F /* Project object */;
}
